// !$*UTF8*$!
{
	archiveVersion = 1;
	classes = {
	};
	objectVersion = 46;
	objects = {

/* Begin PBXBuildFile section */
		A9A0041E1B47AC6000487913 /* main.m in Sources */ = {isa = PBXBuildFile; fileRef = A9A0041D1B47AC6000487913 /* main.m */; };
		A9A004211B47AC6000487913 /* AppDelegate.m in Sources */ = {isa = PBXBuildFile; fileRef = A9A004201B47AC6000487913 /* AppDelegate.m */; };
		A9A004241B47AC6000487913 /* TheArtOfProtest.xcdatamodeld in Sources */ = {isa = PBXBuildFile; fileRef = A9A004221B47AC6000487913 /* TheArtOfProtest.xcdatamodeld */; };
		A9A004271B47AC6000487913 /* ViewController.m in Sources */ = {isa = PBXBuildFile; fileRef = A9A004261B47AC6000487913 /* ViewController.m */; };
		A9A0042A1B47AC6000487913 /* Main.storyboard in Resources */ = {isa = PBXBuildFile; fileRef = A9A004281B47AC6000487913 /* Main.storyboard */; };
		A9A0042C1B47AC6000487913 /* Images.xcassets in Resources */ = {isa = PBXBuildFile; fileRef = A9A0042B1B47AC6000487913 /* Images.xcassets */; };
		A9A0042F1B47AC6000487913 /* LaunchScreen.xib in Resources */ = {isa = PBXBuildFile; fileRef = A9A0042D1B47AC6000487913 /* LaunchScreen.xib */; };
		A9A0043B1B47AC6000487913 /* TheArtOfProtestTests.m in Sources */ = {isa = PBXBuildFile; fileRef = A9A0043A1B47AC6000487913 /* TheArtOfProtestTests.m */; };
/* End PBXBuildFile section */

/* Begin PBXContainerItemProxy section */
		A9A004351B47AC6000487913 /* PBXContainerItemProxy */ = {
			isa = PBXContainerItemProxy;
			containerPortal = A9A004101B47AC6000487913 /* Project object */;
			proxyType = 1;
			remoteGlobalIDString = A9A004171B47AC6000487913;
			remoteInfo = TheArtOfProtest;
		};
/* End PBXContainerItemProxy section */

/* Begin PBXFileReference section */
		A9A004181B47AC6000487913 /* TheArtOfProtest.app */ = {isa = PBXFileReference; explicitFileType = wrapper.application; includeInIndex = 0; path = TheArtOfProtest.app; sourceTree = BUILT_PRODUCTS_DIR; };
		A9A0041C1B47AC6000487913 /* Info.plist */ = {isa = PBXFileReference; lastKnownFileType = text.plist.xml; path = Info.plist; sourceTree = "<group>"; };
		A9A0041D1B47AC6000487913 /* main.m */ = {isa = PBXFileReference; lastKnownFileType = sourcecode.c.objc; path = main.m; sourceTree = "<group>"; };
		A9A0041F1B47AC6000487913 /* AppDelegate.h */ = {isa = PBXFileReference; lastKnownFileType = sourcecode.c.h; path = AppDelegate.h; sourceTree = "<group>"; };
		A9A004201B47AC6000487913 /* AppDelegate.m */ = {isa = PBXFileReference; lastKnownFileType = sourcecode.c.objc; path = AppDelegate.m; sourceTree = "<group>"; };
		A9A004231B47AC6000487913 /* TheArtOfProtest.xcdatamodel */ = {isa = PBXFileReference; lastKnownFileType = wrapper.xcdatamodel; path = TheArtOfProtest.xcdatamodel; sourceTree = "<group>"; };
		A9A004251B47AC6000487913 /* ViewController.h */ = {isa = PBXFileReference; lastKnownFileType = sourcecode.c.h; path = ViewController.h; sourceTree = "<group>"; };
		A9A004261B47AC6000487913 /* ViewController.m */ = {isa = PBXFileReference; lastKnownFileType = sourcecode.c.objc; path = ViewController.m; sourceTree = "<group>"; };
		A9A004291B47AC6000487913 /* Base */ = {isa = PBXFileReference; lastKnownFileType = file.storyboard; name = Base; path = Base.lproj/Main.storyboard; sourceTree = "<group>"; };
		A9A0042B1B47AC6000487913 /* Images.xcassets */ = {isa = PBXFileReference; lastKnownFileType = folder.assetcatalog; path = Images.xcassets; sourceTree = "<group>"; };
		A9A0042E1B47AC6000487913 /* Base */ = {isa = PBXFileReference; lastKnownFileType = file.xib; name = Base; path = Base.lproj/LaunchScreen.xib; sourceTree = "<group>"; };
		A9A004341B47AC6000487913 /* TheArtOfProtestTests.xctest */ = {isa = PBXFileReference; explicitFileType = wrapper.cfbundle; includeInIndex = 0; path = TheArtOfProtestTests.xctest; sourceTree = BUILT_PRODUCTS_DIR; };
		A9A004391B47AC6000487913 /* Info.plist */ = {isa = PBXFileReference; lastKnownFileType = text.plist.xml; path = Info.plist; sourceTree = "<group>"; };
		A9A0043A1B47AC6000487913 /* TheArtOfProtestTests.m */ = {isa = PBXFileReference; lastKnownFileType = sourcecode.c.objc; path = TheArtOfProtestTests.m; sourceTree = "<group>"; };
/* End PBXFileReference section */

/* Begin PBXFrameworksBuildPhase section */
		A9A004151B47AC6000487913 /* Frameworks */ = {
			isa = PBXFrameworksBuildPhase;
			buildActionMask = 2147483647;
			files = (
			);
			runOnlyForDeploymentPostprocessing = 0;
		};
		A9A004311B47AC6000487913 /* Frameworks */ = {
			isa = PBXFrameworksBuildPhase;
			buildActionMask = 2147483647;
			files = (
			);
			runOnlyForDeploymentPostprocessing = 0;
		};
/* End PBXFrameworksBuildPhase section */

/* Begin PBXGroup section */
		A9A0040F1B47AC6000487913 = {
			isa = PBXGroup;
			children = (
				A9A0041A1B47AC6000487913 /* TheArtOfProtest */,
				A9A004371B47AC6000487913 /* TheArtOfProtestTests */,
				A9A004191B47AC6000487913 /* Products */,
			);
			sourceTree = "<group>";
		};
		A9A004191B47AC6000487913 /* Products */ = {
			isa = PBXGroup;
			children = (
				A9A004181B47AC6000487913 /* TheArtOfProtest.app */,
				A9A004341B47AC6000487913 /* TheArtOfProtestTests.xctest */,
			);
			name = Products;
			sourceTree = "<group>";
		};
		A9A0041A1B47AC6000487913 /* TheArtOfProtest */ = {
			isa = PBXGroup;
			children = (
				A9A0041F1B47AC6000487913 /* AppDelegate.h */,
				A9A004201B47AC6000487913 /* AppDelegate.m */,
				A9A004251B47AC6000487913 /* ViewController.h */,
				A9A004261B47AC6000487913 /* ViewController.m */,
				A9A004281B47AC6000487913 /* Main.storyboard */,
				A9A0042B1B47AC6000487913 /* Images.xcassets */,
				A9A0042D1B47AC6000487913 /* LaunchScreen.xib */,
				A9A004221B47AC6000487913 /* TheArtOfProtest.xcdatamodeld */,
				A9A0041B1B47AC6000487913 /* Supporting Files */,
			);
			path = TheArtOfProtest;
			sourceTree = "<group>";
		};
		A9A0041B1B47AC6000487913 /* Supporting Files */ = {
			isa = PBXGroup;
			children = (
				A9A0041C1B47AC6000487913 /* Info.plist */,
				A9A0041D1B47AC6000487913 /* main.m */,
			);
			name = "Supporting Files";
			sourceTree = "<group>";
		};
		A9A004371B47AC6000487913 /* TheArtOfProtestTests */ = {
			isa = PBXGroup;
			children = (
				A9A0043A1B47AC6000487913 /* TheArtOfProtestTests.m */,
				A9A004381B47AC6000487913 /* Supporting Files */,
			);
			path = TheArtOfProtestTests;
			sourceTree = "<group>";
		};
		A9A004381B47AC6000487913 /* Supporting Files */ = {
			isa = PBXGroup;
			children = (
				A9A004391B47AC6000487913 /* Info.plist */,
			);
			name = "Supporting Files";
			sourceTree = "<group>";
		};
/* End PBXGroup section */

/* Begin PBXNativeTarget section */
		A9A004171B47AC6000487913 /* TheArtOfProtest */ = {
			isa = PBXNativeTarget;
			buildConfigurationList = A9A0043E1B47AC6000487913 /* Build configuration list for PBXNativeTarget "TheArtOfProtest" */;
			buildPhases = (
				A9A004141B47AC6000487913 /* Sources */,
				A9A004151B47AC6000487913 /* Frameworks */,
				A9A004161B47AC6000487913 /* Resources */,
			);
			buildRules = (
			);
			dependencies = (
			);
			name = TheArtOfProtest;
			productName = TheArtOfProtest;
			productReference = A9A004181B47AC6000487913 /* TheArtOfProtest.app */;
			productType = "com.apple.product-type.application";
		};
		A9A004331B47AC6000487913 /* TheArtOfProtestTests */ = {
			isa = PBXNativeTarget;
			buildConfigurationList = A9A004411B47AC6000487913 /* Build configuration list for PBXNativeTarget "TheArtOfProtestTests" */;
			buildPhases = (
				A9A004301B47AC6000487913 /* Sources */,
				A9A004311B47AC6000487913 /* Frameworks */,
				A9A004321B47AC6000487913 /* Resources */,
			);
			buildRules = (
			);
			dependencies = (
				A9A004361B47AC6000487913 /* PBXTargetDependency */,
			);
			name = TheArtOfProtestTests;
			productName = TheArtOfProtestTests;
			productReference = A9A004341B47AC6000487913 /* TheArtOfProtestTests.xctest */;
			productType = "com.apple.product-type.bundle.unit-test";
		};
/* End PBXNativeTarget section */

/* Begin PBXProject section */
		A9A004101B47AC6000487913 /* Project object */ = {
			isa = PBXProject;
			attributes = {
				LastUpgradeCheck = 0630;
				ORGANIZATIONNAME = JinboNet;
				TargetAttributes = {
					A9A004171B47AC6000487913 = {
						CreatedOnToolsVersion = 6.3.2;
					};
					A9A004331B47AC6000487913 = {
						CreatedOnToolsVersion = 6.3.2;
						TestTargetID = A9A004171B47AC6000487913;
					};
				};
			};
			buildConfigurationList = A9A004131B47AC6000487913 /* Build configuration list for PBXProject "TheArtOfProtest" */;
			compatibilityVersion = "Xcode 3.2";
			developmentRegion = English;
			hasScannedForEncodings = 0;
			knownRegions = (
				en,
				Base,
			);
			mainGroup = A9A0040F1B47AC6000487913;
			productRefGroup = A9A004191B47AC6000487913 /* Products */;
			projectDirPath = "";
			projectRoot = "";
			targets = (
				A9A004171B47AC6000487913 /* TheArtOfProtest */,
				A9A004331B47AC6000487913 /* TheArtOfProtestTests */,
			);
		};
/* End PBXProject section */

/* Begin PBXResourcesBuildPhase section */
		A9A004161B47AC6000487913 /* Resources */ = {
			isa = PBXResourcesBuildPhase;
			buildActionMask = 2147483647;
			files = (
				A9A0042A1B47AC6000487913 /* Main.storyboard in Resources */,
				A9A0042F1B47AC6000487913 /* LaunchScreen.xib in Resources */,
				A9A0042C1B47AC6000487913 /* Images.xcassets in Resources */,
			);
			runOnlyForDeploymentPostprocessing = 0;
		};
		A9A004321B47AC6000487913 /* Resources */ = {
			isa = PBXResourcesBuildPhase;
			buildActionMask = 2147483647;
			files = (
			);
			runOnlyForDeploymentPostprocessing = 0;
		};
/* End PBXResourcesBuildPhase section */

/* Begin PBXSourcesBuildPhase section */
		A9A004141B47AC6000487913 /* Sources */ = {
			isa = PBXSourcesBuildPhase;
			buildActionMask = 2147483647;
			files = (
				A9A004211B47AC6000487913 /* AppDelegate.m in Sources */,
				A9A0041E1B47AC6000487913 /* main.m in Sources */,
				A9A004271B47AC6000487913 /* ViewController.m in Sources */,
				A9A004241B47AC6000487913 /* TheArtOfProtest.xcdatamodeld in Sources */,
			);
			runOnlyForDeploymentPostprocessing = 0;
		};
		A9A004301B47AC6000487913 /* Sources */ = {
			isa = PBXSourcesBuildPhase;
			buildActionMask = 2147483647;
			files = (
				A9A0043B1B47AC6000487913 /* TheArtOfProtestTests.m in Sources */,
			);
			runOnlyForDeploymentPostprocessing = 0;
		};
/* End PBXSourcesBuildPhase section */

/* Begin PBXTargetDependency section */
		A9A004361B47AC6000487913 /* PBXTargetDependency */ = {
			isa = PBXTargetDependency;
			target = A9A004171B47AC6000487913 /* TheArtOfProtest */;
			targetProxy = A9A004351B47AC6000487913 /* PBXContainerItemProxy */;
		};
/* End PBXTargetDependency section */

/* Begin PBXVariantGroup section */
		A9A004281B47AC6000487913 /* Main.storyboard */ = {
			isa = PBXVariantGroup;
			children = (
				A9A004291B47AC6000487913 /* Base */,
			);
			name = Main.storyboard;
			sourceTree = "<group>";
		};
		A9A0042D1B47AC6000487913 /* LaunchScreen.xib */ = {
			isa = PBXVariantGroup;
			children = (
				A9A0042E1B47AC6000487913 /* Base */,
			);
			name = LaunchScreen.xib;
			sourceTree = "<group>";
		};
/* End PBXVariantGroup section */

/* Begin XCBuildConfiguration section */
		A9A0043C1B47AC6000487913 /* Debug */ = {
			isa = XCBuildConfiguration;
			buildSettings = {
				ALWAYS_SEARCH_USER_PATHS = NO;
				CLANG_CXX_LANGUAGE_STANDARD = "gnu++0x";
				CLANG_CXX_LIBRARY = "libc++";
				CLANG_ENABLE_MODULES = YES;
				CLANG_ENABLE_OBJC_ARC = YES;
				CLANG_WARN_BOOL_CONVERSION = YES;
				CLANG_WARN_CONSTANT_CONVERSION = YES;
				CLANG_WARN_DIRECT_OBJC_ISA_USAGE = YES_ERROR;
				CLANG_WARN_EMPTY_BODY = YES;
				CLANG_WARN_ENUM_CONVERSION = YES;
				CLANG_WARN_INT_CONVERSION = YES;
				CLANG_WARN_OBJC_ROOT_CLASS = YES_ERROR;
				CLANG_WARN_UNREACHABLE_CODE = YES;
				CLANG_WARN__DUPLICATE_METHOD_MATCH = YES;
				"CODE_SIGN_IDENTITY[sdk=iphoneos*]" = "iPhone Developer";
				COPY_PHASE_STRIP = NO;
				DEBUG_INFORMATION_FORMAT = "dwarf-with-dsym";
				ENABLE_STRICT_OBJC_MSGSEND = YES;
				GCC_C_LANGUAGE_STANDARD = gnu99;
				GCC_DYNAMIC_NO_PIC = NO;
				GCC_NO_COMMON_BLOCKS = YES;
				GCC_OPTIMIZATION_LEVEL = 0;
				GCC_PREPROCESSOR_DEFINITIONS = (
					"DEBUG=1",
					"$(inherited)",
				);
				GCC_SYMBOLS_PRIVATE_EXTERN = NO;
				GCC_WARN_64_TO_32_BIT_CONVERSION = YES;
				GCC_WARN_ABOUT_RETURN_TYPE = YES_ERROR;
				GCC_WARN_UNDECLARED_SELECTOR = YES;
				GCC_WARN_UNINITIALIZED_AUTOS = YES_AGGRESSIVE;
				GCC_WARN_UNUSED_FUNCTION = YES;
				GCC_WARN_UNUSED_VARIABLE = YES;
				IPHONEOS_DEPLOYMENT_TARGET = 8.3;
				MTL_ENABLE_DEBUG_INFO = YES;
				ONLY_ACTIVE_ARCH = YES;
				SDKROOT = iphoneos;
			};
			name = Debug;
		};
		A9A0043D1B47AC6000487913 /* Release */ = {
			isa = XCBuildConfiguration;
			buildSettings = {
				ALWAYS_SEARCH_USER_PATHS = NO;
				CLANG_CXX_LANGUAGE_STANDARD = "gnu++0x";
				CLANG_CXX_LIBRARY = "libc++";
				CLANG_ENABLE_MODULES = YES;
				CLANG_ENABLE_OBJC_ARC = YES;
				CLANG_WARN_BOOL_CONVERSION = YES;
				CLANG_WARN_CONSTANT_CONVERSION = YES;
				CLANG_WARN_DIRECT_OBJC_ISA_USAGE = YES_ERROR;
				CLANG_WARN_EMPTY_BODY = YES;
				CLANG_WARN_ENUM_CONVERSION = YES;
				CLANG_WARN_INT_CONVERSION = YES;
				CLANG_WARN_OBJC_ROOT_CLASS = YES_ERROR;
				CLANG_WARN_UNREACHABLE_CODE = YES;
				CLANG_WARN__DUPLICATE_METHOD_MATCH = YES;
				"CODE_SIGN_IDENTITY[sdk=iphoneos*]" = "iPhone Developer";
				COPY_PHASE_STRIP = NO;
				DEBUG_INFORMATION_FORMAT = "dwarf-with-dsym";
				ENABLE_NS_ASSERTIONS = NO;
				ENABLE_STRICT_OBJC_MSGSEND = YES;
				GCC_C_LANGUAGE_STANDARD = gnu99;
				GCC_NO_COMMON_BLOCKS = YES;
				GCC_WARN_64_TO_32_BIT_CONVERSION = YES;
				GCC_WARN_ABOUT_RETURN_TYPE = YES_ERROR;
				GCC_WARN_UNDECLARED_SELECTOR = YES;
				GCC_WARN_UNINITIALIZED_AUTOS = YES_AGGRESSIVE;
				GCC_WARN_UNUSED_FUNCTION = YES;
				GCC_WARN_UNUSED_VARIABLE = YES;
				IPHONEOS_DEPLOYMENT_TARGET = 8.3;
				MTL_ENABLE_DEBUG_INFO = NO;
				SDKROOT = iphoneos;
				VALIDATE_PRODUCT = YES;
			};
			name = Release;
		};
		A9A0043F1B47AC6000487913 /* Debug */ = {
			isa = XCBuildConfiguration;
			buildSettings = {
				ASSETCATALOG_COMPILER_APPICON_NAME = AppIcon;
				INFOPLIST_FILE = TheArtOfProtest/Info.plist;
				LD_RUNPATH_SEARCH_PATHS = "$(inherited) @executable_path/Frameworks";
				PRODUCT_NAME = "$(TARGET_NAME)";
			};
			name = Debug;
		};
		A9A004401B47AC6000487913 /* Release */ = {
			isa = XCBuildConfiguration;
			buildSettings = {
				ASSETCATALOG_COMPILER_APPICON_NAME = AppIcon;
				INFOPLIST_FILE = TheArtOfProtest/Info.plist;
				LD_RUNPATH_SEARCH_PATHS = "$(inherited) @executable_path/Frameworks";
				PRODUCT_NAME = "$(TARGET_NAME)";
			};
			name = Release;
		};
		A9A004421B47AC6000487913 /* Debug */ = {
			isa = XCBuildConfiguration;
			buildSettings = {
				BUNDLE_LOADER = "$(TEST_HOST)";
				FRAMEWORK_SEARCH_PATHS = (
					"$(SDKROOT)/Developer/Library/Frameworks",
					"$(inherited)",
				);
				GCC_PREPROCESSOR_DEFINITIONS = (
					"DEBUG=1",
					"$(inherited)",
				);
				INFOPLIST_FILE = TheArtOfProtestTests/Info.plist;
				LD_RUNPATH_SEARCH_PATHS = "$(inherited) @executable_path/Frameworks @loader_path/Frameworks";
				PRODUCT_NAME = "$(TARGET_NAME)";
				TEST_HOST = "$(BUILT_PRODUCTS_DIR)/TheArtOfProtest.app/TheArtOfProtest";
			};
			name = Debug;
		};
		A9A004431B47AC6000487913 /* Release */ = {
			isa = XCBuildConfiguration;
			buildSettings = {
				BUNDLE_LOADER = "$(TEST_HOST)";
				FRAMEWORK_SEARCH_PATHS = (
					"$(SDKROOT)/Developer/Library/Frameworks",
					"$(inherited)",
				);
				INFOPLIST_FILE = TheArtOfProtestTests/Info.plist;
				LD_RUNPATH_SEARCH_PATHS = "$(inherited) @executable_path/Frameworks @loader_path/Frameworks";
				PRODUCT_NAME = "$(TARGET_NAME)";
				TEST_HOST = "$(BUILT_PRODUCTS_DIR)/TheArtOfProtest.app/TheArtOfProtest";
			};
			name = Release;
		};
/* End XCBuildConfiguration section */

/* Begin XCConfigurationList section */
		A9A004131B47AC6000487913 /* Build configuration list for PBXProject "TheArtOfProtest" */ = {
			isa = XCConfigurationList;
			buildConfigurations = (
				A9A0043C1B47AC6000487913 /* Debug */,
				A9A0043D1B47AC6000487913 /* Release */,
			);
			defaultConfigurationIsVisible = 0;
			defaultConfigurationName = Release;
		};
		A9A0043E1B47AC6000487913 /* Build configuration list for PBXNativeTarget "TheArtOfProtest" */ = {
			isa = XCConfigurationList;
			buildConfigurations = (
				A9A0043F1B47AC6000487913 /* Debug */,
				A9A004401B47AC6000487913 /* Release */,
			);
			defaultConfigurationIsVisible = 0;
		};
		A9A004411B47AC6000487913 /* Build configuration list for PBXNativeTarget "TheArtOfProtestTests" */ = {
			isa = XCConfigurationList;
			buildConfigurations = (
				A9A004421B47AC6000487913 /* Debug */,
				A9A004431B47AC6000487913 /* Release */,
			);
			defaultConfigurationIsVisible = 0;
		};
/* End XCConfigurationList section */

/* Begin XCVersionGroup section */
		A9A004221B47AC6000487913 /* TheArtOfProtest.xcdatamodeld */ = {
			isa = XCVersionGroup;
			children = (
				A9A004231B47AC6000487913 /* TheArtOfProtest.xcdatamodel */,
			);
			currentVersion = A9A004231B47AC6000487913 /* TheArtOfProtest.xcdatamodel */;
			path = TheArtOfProtest.xcdatamodeld;
			sourceTree = "<group>";
			versionGroupType = wrapper.xcdatamodel;
		};
/* End XCVersionGroup section */
	};
	rootObject = A9A004101B47AC6000487913 /* Project object */;
}
