// !$*UTF8*$!
{
	archiveVersion = 1;
	classes = {
	};
	objectVersion = 46;
	objects = {

/* Begin PBXBuildFile section */
		A914B7FC1B80B39C0011C733 /* AOPUtils.m in Sources */ = {isa = PBXBuildFile; fileRef = A914B7FB1B80B39C0011C733 /* AOPUtils.m */; };
		A914B8011B80C6B40011C733 /* NoticeViewController.m in Sources */ = {isa = PBXBuildFile; fileRef = A914B7FF1B80C6B40011C733 /* NoticeViewController.m */; };
		A914B8021B80C6B40011C733 /* NoticeViewController.xib in Resources */ = {isa = PBXBuildFile; fileRef = A914B8001B80C6B40011C733 /* NoticeViewController.xib */; };
		A928E4FD1B52A8FF006BBAD1 /* FileManager.m in Sources */ = {isa = PBXBuildFile; fileRef = A928E4FC1B52A8FF006BBAD1 /* FileManager.m */; };
		A956FA5F1B47B25A00F48FF1 /* main.m in Sources */ = {isa = PBXBuildFile; fileRef = A956FA5E1B47B25A00F48FF1 /* main.m */; };
		A956FA621B47B25A00F48FF1 /* AppDelegate.m in Sources */ = {isa = PBXBuildFile; fileRef = A956FA611B47B25A00F48FF1 /* AppDelegate.m */; };
		A956FA6D1B47B25A00F48FF1 /* Images.xcassets in Resources */ = {isa = PBXBuildFile; fileRef = A956FA6C1B47B25A00F48FF1 /* Images.xcassets */; };
		A95D94301B6BDFB20082A572 /* SearchResultCell.m in Sources */ = {isa = PBXBuildFile; fileRef = A95D942F1B6BDFB20082A572 /* SearchResultCell.m */; };
		A976BC551B6CC1850085695D /* VersionParser.m in Sources */ = {isa = PBXBuildFile; fileRef = A976BC541B6CC1850085695D /* VersionParser.m */; };
		A976BC571B6CFC5F0085695D /* SearchResultCell.xib in Resources */ = {isa = PBXBuildFile; fileRef = A976BC561B6CFC5F0085695D /* SearchResultCell.xib */; };
		A976BC5C1B6CFE650085695D /* SearchViewController.m in Sources */ = {isa = PBXBuildFile; fileRef = A976BC5A1B6CFE650085695D /* SearchViewController.m */; };
		A976BC5D1B6CFE650085695D /* SearchViewController.xib in Resources */ = {isa = PBXBuildFile; fileRef = A976BC5B1B6CFE650085695D /* SearchViewController.xib */; };
		A97BE2D51B517CA300E4C389 /* ServerCommunicator.m in Sources */ = {isa = PBXBuildFile; fileRef = A97BE2D41B517CA300E4C389 /* ServerCommunicator.m */; };
		A97BE2D81B51904800E4C389 /* CoreDataManager.m in Sources */ = {isa = PBXBuildFile; fileRef = A97BE2D71B51904800E4C389 /* CoreDataManager.m */; };
		A99525AC1B6E1A1E00779546 /* BookMarkViewController.m in Sources */ = {isa = PBXBuildFile; fileRef = A99525AA1B6E1A1E00779546 /* BookMarkViewController.m */; };
		A99525AD1B6E1A1E00779546 /* BookMarkViewController.xib in Resources */ = {isa = PBXBuildFile; fileRef = A99525AB1B6E1A1E00779546 /* BookMarkViewController.xib */; };
		A99525AF1B6E1E3500779546 /* BookMarkCell.xib in Resources */ = {isa = PBXBuildFile; fileRef = A99525AE1B6E1E3500779546 /* BookMarkCell.xib */; };
		A99525B21B6E1E5100779546 /* BookMarkCell.m in Sources */ = {isa = PBXBuildFile; fileRef = A99525B11B6E1E5100779546 /* BookMarkCell.m */; };
		A99574741B773D7400F6A932 /* NoticeParser.m in Sources */ = {isa = PBXBuildFile; fileRef = A99574731B773D7400F6A932 /* NoticeParser.m */; };
		A99574771B773E3100F6A932 /* NoticeItem.m in Sources */ = {isa = PBXBuildFile; fileRef = A99574761B773E3100F6A932 /* NoticeItem.m */; };
		A9A2DCF51B6D091300CA2FAE /* DocumentViewController.m in Sources */ = {isa = PBXBuildFile; fileRef = A9A2DCF31B6D091300CA2FAE /* DocumentViewController.m */; };
		A9A2DCF61B6D091300CA2FAE /* DocumentViewController.xib in Resources */ = {isa = PBXBuildFile; fileRef = A9A2DCF41B6D091300CA2FAE /* DocumentViewController.xib */; };
		A9A9BF891B63B7E200BD0D9E /* SplashViewController.m in Sources */ = {isa = PBXBuildFile; fileRef = A9A9BF871B63B7E200BD0D9E /* SplashViewController.m */; };
		A9A9BF8A1B63B7E200BD0D9E /* SplashViewController.xib in Resources */ = {isa = PBXBuildFile; fileRef = A9A9BF881B63B7E200BD0D9E /* SplashViewController.xib */; };
		A9A9BF8D1B63B9BE00BD0D9E /* DeviceConfig.m in Sources */ = {isa = PBXBuildFile; fileRef = A9A9BF8C1B63B9BE00BD0D9E /* DeviceConfig.m */; };
		A9BA08241B8069860041DF3E /* RefWebViewController.m in Sources */ = {isa = PBXBuildFile; fileRef = A9BA08221B8069860041DF3E /* RefWebViewController.m */; };
		A9BA08251B8069860041DF3E /* RefWebViewController.xib in Resources */ = {isa = PBXBuildFile; fileRef = A9BA08231B8069860041DF3E /* RefWebViewController.xib */; };
		A9BA08291B80871F0041DF3E /* ManualCell.m in Sources */ = {isa = PBXBuildFile; fileRef = A9BA08271B80871F0041DF3E /* ManualCell.m */; };
		A9BA082A1B80871F0041DF3E /* ManualCell.xib in Resources */ = {isa = PBXBuildFile; fileRef = A9BA08281B80871F0041DF3E /* ManualCell.xib */; };
		A9BC98C41B89BDC200202076 /* 1.png in Resources */ = {isa = PBXBuildFile; fileRef = A9BC98BE1B89BDC200202076 /* 1.png */; };
		A9BC98C51B89BDC200202076 /* 2.png in Resources */ = {isa = PBXBuildFile; fileRef = A9BC98BF1B89BDC200202076 /* 2.png */; };
		A9BC98C61B89BDC200202076 /* 3.png in Resources */ = {isa = PBXBuildFile; fileRef = A9BC98C01B89BDC200202076 /* 3.png */; };
		A9BC98C71B89BDC200202076 /* 4.png in Resources */ = {isa = PBXBuildFile; fileRef = A9BC98C11B89BDC200202076 /* 4.png */; };
		A9BC98C81B89BDC200202076 /* home-style.css in Resources */ = {isa = PBXBuildFile; fileRef = A9BC98C21B89BDC200202076 /* home-style.css */; };
		A9BC98C91B89BDC200202076 /* home.html in Resources */ = {isa = PBXBuildFile; fileRef = A9BC98C31B89BDC200202076 /* home.html */; };
		A9C2FAFC1B4ABDC5008EDC2B /* MainTabBarController.m in Sources */ = {isa = PBXBuildFile; fileRef = A9C2FAFA1B4ABDC5008EDC2B /* MainTabBarController.m */; };
		A9C2FB061B4ABE18008EDC2B /* HomeViewController.m in Sources */ = {isa = PBXBuildFile; fileRef = A9C2FB041B4ABE18008EDC2B /* HomeViewController.m */; };
		A9C2FB071B4ABE18008EDC2B /* HomeViewController.xib in Resources */ = {isa = PBXBuildFile; fileRef = A9C2FB051B4ABE18008EDC2B /* HomeViewController.xib */; };
		A9C2FB091B4AC09A008EDC2B /* MainTabBarController.xib in Resources */ = {isa = PBXBuildFile; fileRef = A9C2FB081B4AC09A008EDC2B /* MainTabBarController.xib */; };
		A9C9ECBB1B5FF29A0034C8F9 /* CategoryMenuParser.m in Sources */ = {isa = PBXBuildFile; fileRef = A9C9ECBA1B5FF29A0034C8F9 /* CategoryMenuParser.m */; };
		A9C9ECBE1B5FF6AA0034C8F9 /* CategoryMenuItem.m in Sources */ = {isa = PBXBuildFile; fileRef = A9C9ECBD1B5FF6AA0034C8F9 /* CategoryMenuItem.m */; };
		A9C9ECC11B613AE90034C8F9 /* PostItem.m in Sources */ = {isa = PBXBuildFile; fileRef = A9C9ECC01B613AE90034C8F9 /* PostItem.m */; };
		A9C9ECC41B613D5B0034C8F9 /* PostParser.m in Sources */ = {isa = PBXBuildFile; fileRef = A9C9ECC31B613D5B0034C8F9 /* PostParser.m */; };
		A9C9ECC81B6147250034C8F9 /* ManualViewController.m in Sources */ = {isa = PBXBuildFile; fileRef = A9C9ECC61B6147250034C8F9 /* ManualViewController.m */; };
		A9C9ECC91B6147250034C8F9 /* ManualViewController.xib in Resources */ = {isa = PBXBuildFile; fileRef = A9C9ECC71B6147250034C8F9 /* ManualViewController.xib */; };
		A9C9ECCC1B614F870034C8F9 /* AOPContentsManager.m in Sources */ = {isa = PBXBuildFile; fileRef = A9C9ECCB1B614F870034C8F9 /* AOPContentsManager.m */; };
		A9E48AA51B51598C00122920 /* MenuItem.m in Sources */ = {isa = PBXBuildFile; fileRef = A9E48AA41B51598C00122920 /* MenuItem.m */; };
		A9EA73BE1B64E99D00ECE913 /* TheArtOfProtest.xcdatamodeld in Sources */ = {isa = PBXBuildFile; fileRef = A9EA73BC1B64E99D00ECE913 /* TheArtOfProtest.xcdatamodeld */; };
		A9EA73C01B64F68F00ECE913 /* style.css in Resources */ = {isa = PBXBuildFile; fileRef = A9EA73BF1B64F68F00ECE913 /* style.css */; };
		A9EA73C31B64FBB300ECE913 /* PostCacheWorker.m in Sources */ = {isa = PBXBuildFile; fileRef = A9EA73C21B64FBB300ECE913 /* PostCacheWorker.m */; };
		C54A20A5BA84F34EAC8F51CA /* libPods-TheArtOfProtest.a in Frameworks */ = {isa = PBXBuildFile; fileRef = A31BA1CE601AB941201C9151 /* libPods-TheArtOfProtest.a */; };
/* End PBXBuildFile section */

/* Begin PBXFileReference section */
		54E22E5AAFDE391C40C2CCC1 /* Pods-TheArtOfProtest.release.xcconfig */ = {isa = PBXFileReference; includeInIndex = 1; lastKnownFileType = text.xcconfig; name = "Pods-TheArtOfProtest.release.xcconfig"; path = "Pods/Target Support Files/Pods-TheArtOfProtest/Pods-TheArtOfProtest.release.xcconfig"; sourceTree = "<group>"; };
		6EF1624C7E9633F109EE59F1 /* Pods-TheArtOfProtest.debug.xcconfig */ = {isa = PBXFileReference; includeInIndex = 1; lastKnownFileType = text.xcconfig; name = "Pods-TheArtOfProtest.debug.xcconfig"; path = "Pods/Target Support Files/Pods-TheArtOfProtest/Pods-TheArtOfProtest.debug.xcconfig"; sourceTree = "<group>"; };
		A31BA1CE601AB941201C9151 /* libPods-TheArtOfProtest.a */ = {isa = PBXFileReference; explicitFileType = archive.ar; includeInIndex = 0; path = "libPods-TheArtOfProtest.a"; sourceTree = BUILT_PRODUCTS_DIR; };
		A914B7FA1B80B39C0011C733 /* AOPUtils.h */ = {isa = PBXFileReference; fileEncoding = 4; lastKnownFileType = sourcecode.c.h; path = AOPUtils.h; sourceTree = "<group>"; };
		A914B7FB1B80B39C0011C733 /* AOPUtils.m */ = {isa = PBXFileReference; fileEncoding = 4; lastKnownFileType = sourcecode.c.objc; path = AOPUtils.m; sourceTree = "<group>"; };
		A914B7FE1B80C6B40011C733 /* NoticeViewController.h */ = {isa = PBXFileReference; fileEncoding = 4; lastKnownFileType = sourcecode.c.h; path = NoticeViewController.h; sourceTree = "<group>"; };
		A914B7FF1B80C6B40011C733 /* NoticeViewController.m */ = {isa = PBXFileReference; fileEncoding = 4; lastKnownFileType = sourcecode.c.objc; path = NoticeViewController.m; sourceTree = "<group>"; };
		A914B8001B80C6B40011C733 /* NoticeViewController.xib */ = {isa = PBXFileReference; fileEncoding = 4; lastKnownFileType = file.xib; path = NoticeViewController.xib; sourceTree = "<group>"; };
		A928E4FB1B52A8FF006BBAD1 /* FileManager.h */ = {isa = PBXFileReference; fileEncoding = 4; lastKnownFileType = sourcecode.c.h; path = FileManager.h; sourceTree = "<group>"; };
		A928E4FC1B52A8FF006BBAD1 /* FileManager.m */ = {isa = PBXFileReference; fileEncoding = 4; lastKnownFileType = sourcecode.c.objc; path = FileManager.m; sourceTree = "<group>"; };
		A956FA591B47B25A00F48FF1 /* TheArtOfProtest.app */ = {isa = PBXFileReference; explicitFileType = wrapper.application; includeInIndex = 0; path = TheArtOfProtest.app; sourceTree = BUILT_PRODUCTS_DIR; };
		A956FA5D1B47B25A00F48FF1 /* Info.plist */ = {isa = PBXFileReference; lastKnownFileType = text.plist.xml; path = Info.plist; sourceTree = "<group>"; };
		A956FA5E1B47B25A00F48FF1 /* main.m */ = {isa = PBXFileReference; lastKnownFileType = sourcecode.c.objc; path = main.m; sourceTree = "<group>"; };
		A956FA601B47B25A00F48FF1 /* AppDelegate.h */ = {isa = PBXFileReference; lastKnownFileType = sourcecode.c.h; path = AppDelegate.h; sourceTree = "<group>"; };
		A956FA611B47B25A00F48FF1 /* AppDelegate.m */ = {isa = PBXFileReference; lastKnownFileType = sourcecode.c.objc; path = AppDelegate.m; sourceTree = "<group>"; };
		A956FA6C1B47B25A00F48FF1 /* Images.xcassets */ = {isa = PBXFileReference; lastKnownFileType = folder.assetcatalog; path = Images.xcassets; sourceTree = "<group>"; };
		A95D942E1B6BDFB20082A572 /* SearchResultCell.h */ = {isa = PBXFileReference; fileEncoding = 4; lastKnownFileType = sourcecode.c.h; path = SearchResultCell.h; sourceTree = "<group>"; };
		A95D942F1B6BDFB20082A572 /* SearchResultCell.m */ = {isa = PBXFileReference; fileEncoding = 4; lastKnownFileType = sourcecode.c.objc; path = SearchResultCell.m; sourceTree = "<group>"; };
		A976BC531B6CC1850085695D /* VersionParser.h */ = {isa = PBXFileReference; fileEncoding = 4; lastKnownFileType = sourcecode.c.h; path = VersionParser.h; sourceTree = "<group>"; };
		A976BC541B6CC1850085695D /* VersionParser.m */ = {isa = PBXFileReference; fileEncoding = 4; lastKnownFileType = sourcecode.c.objc; path = VersionParser.m; sourceTree = "<group>"; };
		A976BC561B6CFC5F0085695D /* SearchResultCell.xib */ = {isa = PBXFileReference; fileEncoding = 4; lastKnownFileType = file.xib; path = SearchResultCell.xib; sourceTree = "<group>"; };
		A976BC591B6CFE650085695D /* SearchViewController.h */ = {isa = PBXFileReference; fileEncoding = 4; lastKnownFileType = sourcecode.c.h; path = SearchViewController.h; sourceTree = "<group>"; };
		A976BC5A1B6CFE650085695D /* SearchViewController.m */ = {isa = PBXFileReference; fileEncoding = 4; lastKnownFileType = sourcecode.c.objc; path = SearchViewController.m; sourceTree = "<group>"; };
		A976BC5B1B6CFE650085695D /* SearchViewController.xib */ = {isa = PBXFileReference; fileEncoding = 4; lastKnownFileType = file.xib; path = SearchViewController.xib; sourceTree = "<group>"; };
		A97BE2D31B517CA300E4C389 /* ServerCommunicator.h */ = {isa = PBXFileReference; fileEncoding = 4; lastKnownFileType = sourcecode.c.h; path = ServerCommunicator.h; sourceTree = "<group>"; };
		A97BE2D41B517CA300E4C389 /* ServerCommunicator.m */ = {isa = PBXFileReference; fileEncoding = 4; lastKnownFileType = sourcecode.c.objc; path = ServerCommunicator.m; sourceTree = "<group>"; };
		A97BE2D61B51904800E4C389 /* CoreDataManager.h */ = {isa = PBXFileReference; fileEncoding = 4; lastKnownFileType = sourcecode.c.h; path = CoreDataManager.h; sourceTree = "<group>"; };
		A97BE2D71B51904800E4C389 /* CoreDataManager.m */ = {isa = PBXFileReference; fileEncoding = 4; lastKnownFileType = sourcecode.c.objc; path = CoreDataManager.m; sourceTree = "<group>"; };
		A99525A91B6E1A1E00779546 /* BookMarkViewController.h */ = {isa = PBXFileReference; fileEncoding = 4; lastKnownFileType = sourcecode.c.h; path = BookMarkViewController.h; sourceTree = "<group>"; };
		A99525AA1B6E1A1E00779546 /* BookMarkViewController.m */ = {isa = PBXFileReference; fileEncoding = 4; lastKnownFileType = sourcecode.c.objc; path = BookMarkViewController.m; sourceTree = "<group>"; };
		A99525AB1B6E1A1E00779546 /* BookMarkViewController.xib */ = {isa = PBXFileReference; fileEncoding = 4; lastKnownFileType = file.xib; path = BookMarkViewController.xib; sourceTree = "<group>"; };
		A99525AE1B6E1E3500779546 /* BookMarkCell.xib */ = {isa = PBXFileReference; fileEncoding = 4; lastKnownFileType = file.xib; path = BookMarkCell.xib; sourceTree = "<group>"; };
		A99525B01B6E1E5100779546 /* BookMarkCell.h */ = {isa = PBXFileReference; fileEncoding = 4; lastKnownFileType = sourcecode.c.h; path = BookMarkCell.h; sourceTree = "<group>"; };
		A99525B11B6E1E5100779546 /* BookMarkCell.m */ = {isa = PBXFileReference; fileEncoding = 4; lastKnownFileType = sourcecode.c.objc; path = BookMarkCell.m; sourceTree = "<group>"; };
		A99574721B773D7400F6A932 /* NoticeParser.h */ = {isa = PBXFileReference; fileEncoding = 4; lastKnownFileType = sourcecode.c.h; path = NoticeParser.h; sourceTree = "<group>"; };
		A99574731B773D7400F6A932 /* NoticeParser.m */ = {isa = PBXFileReference; fileEncoding = 4; lastKnownFileType = sourcecode.c.objc; path = NoticeParser.m; sourceTree = "<group>"; };
		A99574751B773E3100F6A932 /* NoticeItem.h */ = {isa = PBXFileReference; fileEncoding = 4; lastKnownFileType = sourcecode.c.h; path = NoticeItem.h; sourceTree = "<group>"; };
		A99574761B773E3100F6A932 /* NoticeItem.m */ = {isa = PBXFileReference; fileEncoding = 4; lastKnownFileType = sourcecode.c.objc; path = NoticeItem.m; sourceTree = "<group>"; };
		A9A2DCF21B6D091300CA2FAE /* DocumentViewController.h */ = {isa = PBXFileReference; fileEncoding = 4; lastKnownFileType = sourcecode.c.h; path = DocumentViewController.h; sourceTree = "<group>"; };
		A9A2DCF31B6D091300CA2FAE /* DocumentViewController.m */ = {isa = PBXFileReference; fileEncoding = 4; lastKnownFileType = sourcecode.c.objc; path = DocumentViewController.m; sourceTree = "<group>"; };
		A9A2DCF41B6D091300CA2FAE /* DocumentViewController.xib */ = {isa = PBXFileReference; fileEncoding = 4; lastKnownFileType = file.xib; path = DocumentViewController.xib; sourceTree = "<group>"; };
		A9A9BF861B63B7E200BD0D9E /* SplashViewController.h */ = {isa = PBXFileReference; fileEncoding = 4; lastKnownFileType = sourcecode.c.h; path = SplashViewController.h; sourceTree = "<group>"; };
		A9A9BF871B63B7E200BD0D9E /* SplashViewController.m */ = {isa = PBXFileReference; fileEncoding = 4; lastKnownFileType = sourcecode.c.objc; path = SplashViewController.m; sourceTree = "<group>"; };
		A9A9BF881B63B7E200BD0D9E /* SplashViewController.xib */ = {isa = PBXFileReference; fileEncoding = 4; lastKnownFileType = file.xib; path = SplashViewController.xib; sourceTree = "<group>"; };
		A9A9BF8B1B63B9BE00BD0D9E /* DeviceConfig.h */ = {isa = PBXFileReference; fileEncoding = 4; lastKnownFileType = sourcecode.c.h; path = DeviceConfig.h; sourceTree = "<group>"; };
		A9A9BF8C1B63B9BE00BD0D9E /* DeviceConfig.m */ = {isa = PBXFileReference; fileEncoding = 4; lastKnownFileType = sourcecode.c.objc; path = DeviceConfig.m; sourceTree = "<group>"; };
		A9A9BF901B63C01F00BD0D9E /* AppInitDelegate.h */ = {isa = PBXFileReference; fileEncoding = 4; lastKnownFileType = sourcecode.c.h; path = AppInitDelegate.h; sourceTree = "<group>"; };
		A9BA08211B8069860041DF3E /* RefWebViewController.h */ = {isa = PBXFileReference; fileEncoding = 4; lastKnownFileType = sourcecode.c.h; path = RefWebViewController.h; sourceTree = "<group>"; };
		A9BA08221B8069860041DF3E /* RefWebViewController.m */ = {isa = PBXFileReference; fileEncoding = 4; lastKnownFileType = sourcecode.c.objc; path = RefWebViewController.m; sourceTree = "<group>"; };
		A9BA08231B8069860041DF3E /* RefWebViewController.xib */ = {isa = PBXFileReference; fileEncoding = 4; lastKnownFileType = file.xib; path = RefWebViewController.xib; sourceTree = "<group>"; };
		A9BA08261B80871F0041DF3E /* ManualCell.h */ = {isa = PBXFileReference; fileEncoding = 4; lastKnownFileType = sourcecode.c.h; path = ManualCell.h; sourceTree = "<group>"; };
		A9BA08271B80871F0041DF3E /* ManualCell.m */ = {isa = PBXFileReference; fileEncoding = 4; lastKnownFileType = sourcecode.c.objc; path = ManualCell.m; sourceTree = "<group>"; };
		A9BA08281B80871F0041DF3E /* ManualCell.xib */ = {isa = PBXFileReference; fileEncoding = 4; lastKnownFileType = file.xib; path = ManualCell.xib; sourceTree = "<group>"; };
		A9BC98BE1B89BDC200202076 /* 1.png */ = {isa = PBXFileReference; lastKnownFileType = image.png; path = 1.png; sourceTree = "<group>"; };
		A9BC98BF1B89BDC200202076 /* 2.png */ = {isa = PBXFileReference; lastKnownFileType = image.png; path = 2.png; sourceTree = "<group>"; };
		A9BC98C01B89BDC200202076 /* 3.png */ = {isa = PBXFileReference; lastKnownFileType = image.png; path = 3.png; sourceTree = "<group>"; };
		A9BC98C11B89BDC200202076 /* 4.png */ = {isa = PBXFileReference; lastKnownFileType = image.png; path = 4.png; sourceTree = "<group>"; };
		A9BC98C21B89BDC200202076 /* home-style.css */ = {isa = PBXFileReference; fileEncoding = 4; lastKnownFileType = text.css; path = "home-style.css"; sourceTree = "<group>"; };
		A9BC98C31B89BDC200202076 /* home.html */ = {isa = PBXFileReference; fileEncoding = 4; lastKnownFileType = text.html; path = home.html; sourceTree = "<group>"; };
		A9C2FAF91B4ABDC5008EDC2B /* MainTabBarController.h */ = {isa = PBXFileReference; fileEncoding = 4; lastKnownFileType = sourcecode.c.h; path = MainTabBarController.h; sourceTree = "<group>"; };
		A9C2FAFA1B4ABDC5008EDC2B /* MainTabBarController.m */ = {isa = PBXFileReference; fileEncoding = 4; lastKnownFileType = sourcecode.c.objc; path = MainTabBarController.m; sourceTree = "<group>"; };
		A9C2FB031B4ABE18008EDC2B /* HomeViewController.h */ = {isa = PBXFileReference; fileEncoding = 4; lastKnownFileType = sourcecode.c.h; path = HomeViewController.h; sourceTree = "<group>"; };
		A9C2FB041B4ABE18008EDC2B /* HomeViewController.m */ = {isa = PBXFileReference; fileEncoding = 4; lastKnownFileType = sourcecode.c.objc; path = HomeViewController.m; sourceTree = "<group>"; };
		A9C2FB051B4ABE18008EDC2B /* HomeViewController.xib */ = {isa = PBXFileReference; fileEncoding = 4; lastKnownFileType = file.xib; path = HomeViewController.xib; sourceTree = "<group>"; };
		A9C2FB081B4AC09A008EDC2B /* MainTabBarController.xib */ = {isa = PBXFileReference; fileEncoding = 4; lastKnownFileType = file.xib; path = MainTabBarController.xib; sourceTree = "<group>"; };
		A9C9ECB91B5FF29A0034C8F9 /* CategoryMenuParser.h */ = {isa = PBXFileReference; fileEncoding = 4; lastKnownFileType = sourcecode.c.h; path = CategoryMenuParser.h; sourceTree = "<group>"; };
		A9C9ECBA1B5FF29A0034C8F9 /* CategoryMenuParser.m */ = {isa = PBXFileReference; fileEncoding = 4; lastKnownFileType = sourcecode.c.objc; path = CategoryMenuParser.m; sourceTree = "<group>"; };
		A9C9ECBC1B5FF6AA0034C8F9 /* CategoryMenuItem.h */ = {isa = PBXFileReference; fileEncoding = 4; lastKnownFileType = sourcecode.c.h; path = CategoryMenuItem.h; sourceTree = "<group>"; };
		A9C9ECBD1B5FF6AA0034C8F9 /* CategoryMenuItem.m */ = {isa = PBXFileReference; fileEncoding = 4; lastKnownFileType = sourcecode.c.objc; path = CategoryMenuItem.m; sourceTree = "<group>"; };
		A9C9ECBF1B613AE90034C8F9 /* PostItem.h */ = {isa = PBXFileReference; fileEncoding = 4; lastKnownFileType = sourcecode.c.h; path = PostItem.h; sourceTree = "<group>"; };
		A9C9ECC01B613AE90034C8F9 /* PostItem.m */ = {isa = PBXFileReference; fileEncoding = 4; lastKnownFileType = sourcecode.c.objc; path = PostItem.m; sourceTree = "<group>"; };
		A9C9ECC21B613D5B0034C8F9 /* PostParser.h */ = {isa = PBXFileReference; fileEncoding = 4; lastKnownFileType = sourcecode.c.h; path = PostParser.h; sourceTree = "<group>"; };
		A9C9ECC31B613D5B0034C8F9 /* PostParser.m */ = {isa = PBXFileReference; fileEncoding = 4; lastKnownFileType = sourcecode.c.objc; path = PostParser.m; sourceTree = "<group>"; };
		A9C9ECC51B6147250034C8F9 /* ManualViewController.h */ = {isa = PBXFileReference; fileEncoding = 4; lastKnownFileType = sourcecode.c.h; path = ManualViewController.h; sourceTree = "<group>"; };
		A9C9ECC61B6147250034C8F9 /* ManualViewController.m */ = {isa = PBXFileReference; fileEncoding = 4; lastKnownFileType = sourcecode.c.objc; path = ManualViewController.m; sourceTree = "<group>"; };
		A9C9ECC71B6147250034C8F9 /* ManualViewController.xib */ = {isa = PBXFileReference; fileEncoding = 4; lastKnownFileType = file.xib; path = ManualViewController.xib; sourceTree = "<group>"; };
		A9C9ECCA1B614F870034C8F9 /* AOPContentsManager.h */ = {isa = PBXFileReference; fileEncoding = 4; lastKnownFileType = sourcecode.c.h; path = AOPContentsManager.h; sourceTree = "<group>"; };
		A9C9ECCB1B614F870034C8F9 /* AOPContentsManager.m */ = {isa = PBXFileReference; fileEncoding = 4; lastKnownFileType = sourcecode.c.objc; path = AOPContentsManager.m; sourceTree = "<group>"; };
		A9E48AA31B51598C00122920 /* MenuItem.h */ = {isa = PBXFileReference; fileEncoding = 4; lastKnownFileType = sourcecode.c.h; path = MenuItem.h; sourceTree = "<group>"; };
		A9E48AA41B51598C00122920 /* MenuItem.m */ = {isa = PBXFileReference; fileEncoding = 4; lastKnownFileType = sourcecode.c.objc; path = MenuItem.m; sourceTree = "<group>"; };
		A9EA73BD1B64E99D00ECE913 /* TheArtOfProtest.xcdatamodel */ = {isa = PBXFileReference; lastKnownFileType = wrapper.xcdatamodel; path = TheArtOfProtest.xcdatamodel; sourceTree = "<group>"; };
		A9EA73BF1B64F68F00ECE913 /* style.css */ = {isa = PBXFileReference; fileEncoding = 4; lastKnownFileType = text.css; path = style.css; sourceTree = "<group>"; };
		A9EA73C11B64FBB300ECE913 /* PostCacheWorker.h */ = {isa = PBXFileReference; fileEncoding = 4; lastKnownFileType = sourcecode.c.h; path = PostCacheWorker.h; sourceTree = "<group>"; };
		A9EA73C21B64FBB300ECE913 /* PostCacheWorker.m */ = {isa = PBXFileReference; fileEncoding = 4; lastKnownFileType = sourcecode.c.objc; path = PostCacheWorker.m; sourceTree = "<group>"; };
/* End PBXFileReference section */

/* Begin PBXFrameworksBuildPhase section */
		A956FA561B47B25A00F48FF1 /* Frameworks */ = {
			isa = PBXFrameworksBuildPhase;
			buildActionMask = 2147483647;
			files = (
				C54A20A5BA84F34EAC8F51CA /* libPods-TheArtOfProtest.a in Frameworks */,
			);
			runOnlyForDeploymentPostprocessing = 0;
		};
/* End PBXFrameworksBuildPhase section */

/* Begin PBXGroup section */
		76EB741DED84CA621111C662 /* Frameworks */ = {
			isa = PBXGroup;
			children = (
				A31BA1CE601AB941201C9151 /* libPods-TheArtOfProtest.a */,
			);
			name = Frameworks;
			sourceTree = "<group>";
		};
		9FAD7ECFBF72ADCE3CF6E86D /* Pods */ = {
			isa = PBXGroup;
			children = (
				6EF1624C7E9633F109EE59F1 /* Pods-TheArtOfProtest.debug.xcconfig */,
				54E22E5AAFDE391C40C2CCC1 /* Pods-TheArtOfProtest.release.xcconfig */,
			);
			name = Pods;
			sourceTree = "<group>";
		};
		A914B7FD1B80C67D0011C733 /* NoticeViewController */ = {
			isa = PBXGroup;
			children = (
				A914B7FE1B80C6B40011C733 /* NoticeViewController.h */,
				A914B7FF1B80C6B40011C733 /* NoticeViewController.m */,
				A914B8001B80C6B40011C733 /* NoticeViewController.xib */,
			);
			name = NoticeViewController;
			sourceTree = "<group>";
		};
		A928E4FE1B5BEFC5006BBAD1 /* SearchViewContorller */ = {
			isa = PBXGroup;
			children = (
				A95D942E1B6BDFB20082A572 /* SearchResultCell.h */,
				A95D942F1B6BDFB20082A572 /* SearchResultCell.m */,
				A976BC561B6CFC5F0085695D /* SearchResultCell.xib */,
				A976BC591B6CFE650085695D /* SearchViewController.h */,
				A976BC5A1B6CFE650085695D /* SearchViewController.m */,
				A976BC5B1B6CFE650085695D /* SearchViewController.xib */,
			);
			name = SearchViewContorller;
			sourceTree = "<group>";
		};
		A956FA501B47B25900F48FF1 = {
			isa = PBXGroup;
			children = (
				A956FA5B1B47B25A00F48FF1 /* TheArtOfProtest */,
				A956FA5A1B47B25A00F48FF1 /* Products */,
				9FAD7ECFBF72ADCE3CF6E86D /* Pods */,
				76EB741DED84CA621111C662 /* Frameworks */,
			);
			sourceTree = "<group>";
		};
		A956FA5A1B47B25A00F48FF1 /* Products */ = {
			isa = PBXGroup;
			children = (
				A956FA591B47B25A00F48FF1 /* TheArtOfProtest.app */,
			);
			name = Products;
			sourceTree = "<group>";
		};
		A956FA5B1B47B25A00F48FF1 /* TheArtOfProtest */ = {
			isa = PBXGroup;
			children = (
				A9BC98BD1B89BD7F00202076 /* home_resources */,
				A9A9BF8E1B63BEF200BD0D9E /* Delegates */,
				A9E48AA61B5169CA00122920 /* Modules */,
				A9E48AA21B5158E400122920 /* Data */,
				A9C2FAEE1B4ABB75008EDC2B /* Views */,
				A956FA601B47B25A00F48FF1 /* AppDelegate.h */,
				A956FA611B47B25A00F48FF1 /* AppDelegate.m */,
				A956FA6C1B47B25A00F48FF1 /* Images.xcassets */,
				A956FA5C1B47B25A00F48FF1 /* Supporting Files */,
				A9EA73BC1B64E99D00ECE913 /* TheArtOfProtest.xcdatamodeld */,
				A9EA73BF1B64F68F00ECE913 /* style.css */,
			);
			path = TheArtOfProtest;
			sourceTree = "<group>";
		};
		A956FA5C1B47B25A00F48FF1 /* Supporting Files */ = {
			isa = PBXGroup;
			children = (
				A956FA5D1B47B25A00F48FF1 /* Info.plist */,
				A956FA5E1B47B25A00F48FF1 /* main.m */,
			);
			name = "Supporting Files";
			sourceTree = "<group>";
		};
		A99525A81B6E19FB00779546 /* BookMarkViewController */ = {
			isa = PBXGroup;
			children = (
				A99525A91B6E1A1E00779546 /* BookMarkViewController.h */,
				A99525AA1B6E1A1E00779546 /* BookMarkViewController.m */,
				A99525AB1B6E1A1E00779546 /* BookMarkViewController.xib */,
				A99525AE1B6E1E3500779546 /* BookMarkCell.xib */,
				A99525B01B6E1E5100779546 /* BookMarkCell.h */,
				A99525B11B6E1E5100779546 /* BookMarkCell.m */,
			);
			name = BookMarkViewController;
			sourceTree = "<group>";
		};
		A9A2DCF11B6D08FB00CA2FAE /* DocumentViewController */ = {
			isa = PBXGroup;
			children = (
				A9A2DCF21B6D091300CA2FAE /* DocumentViewController.h */,
				A9A2DCF31B6D091300CA2FAE /* DocumentViewController.m */,
				A9A2DCF41B6D091300CA2FAE /* DocumentViewController.xib */,
			);
			name = DocumentViewController;
			sourceTree = "<group>";
		};
		A9A9BF851B63B48700BD0D9E /* SplashViewController */ = {
			isa = PBXGroup;
			children = (
				A9A9BF861B63B7E200BD0D9E /* SplashViewController.h */,
				A9A9BF871B63B7E200BD0D9E /* SplashViewController.m */,
				A9A9BF881B63B7E200BD0D9E /* SplashViewController.xib */,
			);
			name = SplashViewController;
			sourceTree = "<group>";
		};
		A9A9BF8E1B63BEF200BD0D9E /* Delegates */ = {
			isa = PBXGroup;
			children = (
				A9A9BF901B63C01F00BD0D9E /* AppInitDelegate.h */,
			);
			path = Delegates;
			sourceTree = "<group>";
		};
		A9BA08201B8069420041DF3E /* RefWebViewController */ = {
			isa = PBXGroup;
			children = (
				A9BA08211B8069860041DF3E /* RefWebViewController.h */,
				A9BA08221B8069860041DF3E /* RefWebViewController.m */,
				A9BA08231B8069860041DF3E /* RefWebViewController.xib */,
			);
			name = RefWebViewController;
			sourceTree = "<group>";
		};
		A9BC98BD1B89BD7F00202076 /* home_resources */ = {
			isa = PBXGroup;
			children = (
				A9BC98BE1B89BDC200202076 /* 1.png */,
				A9BC98BF1B89BDC200202076 /* 2.png */,
				A9BC98C01B89BDC200202076 /* 3.png */,
				A9BC98C11B89BDC200202076 /* 4.png */,
				A9BC98C21B89BDC200202076 /* home-style.css */,
				A9BC98C31B89BDC200202076 /* home.html */,
			);
			path = home_resources;
			sourceTree = "<group>";
		};
		A9C2FAEE1B4ABB75008EDC2B /* Views */ = {
			isa = PBXGroup;
			children = (
				A914B7FD1B80C67D0011C733 /* NoticeViewController */,
				A9BA08201B8069420041DF3E /* RefWebViewController */,
				A99525A81B6E19FB00779546 /* BookMarkViewController */,
				A9A2DCF11B6D08FB00CA2FAE /* DocumentViewController */,
				A9A9BF851B63B48700BD0D9E /* SplashViewController */,
				A928E4FE1B5BEFC5006BBAD1 /* SearchViewContorller */,
				A9C2FAF81B4ABD8A008EDC2B /* MainTabBarController */,
				A9C2FAF71B4ABD7E008EDC2B /* ManualViewController */,
				A9C2FAF51B4ABD61008EDC2B /* HomeViewController */,
			);
			name = Views;
			path = views;
			sourceTree = "<group>";
		};
		A9C2FAF51B4ABD61008EDC2B /* HomeViewController */ = {
			isa = PBXGroup;
			children = (
				A9C2FB031B4ABE18008EDC2B /* HomeViewController.h */,
				A9C2FB041B4ABE18008EDC2B /* HomeViewController.m */,
				A9C2FB051B4ABE18008EDC2B /* HomeViewController.xib */,
			);
			name = HomeViewController;
			sourceTree = "<group>";
		};
		A9C2FAF71B4ABD7E008EDC2B /* ManualViewController */ = {
			isa = PBXGroup;
			children = (
				A9C9ECC51B6147250034C8F9 /* ManualViewController.h */,
				A9C9ECC61B6147250034C8F9 /* ManualViewController.m */,
				A9C9ECC71B6147250034C8F9 /* ManualViewController.xib */,
				A9BA08261B80871F0041DF3E /* ManualCell.h */,
				A9BA08271B80871F0041DF3E /* ManualCell.m */,
				A9BA08281B80871F0041DF3E /* ManualCell.xib */,
			);
			name = ManualViewController;
			sourceTree = "<group>";
		};
		A9C2FAF81B4ABD8A008EDC2B /* MainTabBarController */ = {
			isa = PBXGroup;
			children = (
				A9C2FAF91B4ABDC5008EDC2B /* MainTabBarController.h */,
				A9C2FAFA1B4ABDC5008EDC2B /* MainTabBarController.m */,
				A9C2FB081B4AC09A008EDC2B /* MainTabBarController.xib */,
			);
			name = MainTabBarController;
			sourceTree = "<group>";
		};
		A9E48AA21B5158E400122920 /* Data */ = {
			isa = PBXGroup;
			children = (
				A9E48AA31B51598C00122920 /* MenuItem.h */,
				A9E48AA41B51598C00122920 /* MenuItem.m */,
				A9C9ECBC1B5FF6AA0034C8F9 /* CategoryMenuItem.h */,
				A9C9ECBD1B5FF6AA0034C8F9 /* CategoryMenuItem.m */,
				A9C9ECBF1B613AE90034C8F9 /* PostItem.h */,
				A9C9ECC01B613AE90034C8F9 /* PostItem.m */,
				A99574751B773E3100F6A932 /* NoticeItem.h */,
				A99574761B773E3100F6A932 /* NoticeItem.m */,
			);
			path = Data;
			sourceTree = "<group>";
		};
		A9E48AA61B5169CA00122920 /* Modules */ = {
			isa = PBXGroup;
			children = (
				A97BE2D31B517CA300E4C389 /* ServerCommunicator.h */,
				A97BE2D41B517CA300E4C389 /* ServerCommunicator.m */,
				A97BE2D61B51904800E4C389 /* CoreDataManager.h */,
				A97BE2D71B51904800E4C389 /* CoreDataManager.m */,
				A928E4FB1B52A8FF006BBAD1 /* FileManager.h */,
				A928E4FC1B52A8FF006BBAD1 /* FileManager.m */,
				A9C9ECB91B5FF29A0034C8F9 /* CategoryMenuParser.h */,
				A9C9ECBA1B5FF29A0034C8F9 /* CategoryMenuParser.m */,
				A9C9ECC21B613D5B0034C8F9 /* PostParser.h */,
				A9C9ECC31B613D5B0034C8F9 /* PostParser.m */,
				A9C9ECCA1B614F870034C8F9 /* AOPContentsManager.h */,
				A9C9ECCB1B614F870034C8F9 /* AOPContentsManager.m */,
				A9A9BF8B1B63B9BE00BD0D9E /* DeviceConfig.h */,
				A9A9BF8C1B63B9BE00BD0D9E /* DeviceConfig.m */,
				A9EA73C11B64FBB300ECE913 /* PostCacheWorker.h */,
				A9EA73C21B64FBB300ECE913 /* PostCacheWorker.m */,
				A976BC531B6CC1850085695D /* VersionParser.h */,
				A976BC541B6CC1850085695D /* VersionParser.m */,
				A99574721B773D7400F6A932 /* NoticeParser.h */,
				A99574731B773D7400F6A932 /* NoticeParser.m */,
				A914B7FA1B80B39C0011C733 /* AOPUtils.h */,
				A914B7FB1B80B39C0011C733 /* AOPUtils.m */,
			);
			path = Modules;
			sourceTree = "<group>";
		};
/* End PBXGroup section */

/* Begin PBXNativeTarget section */
		A956FA581B47B25A00F48FF1 /* TheArtOfProtest */ = {
			isa = PBXNativeTarget;
			buildConfigurationList = A956FA7F1B47B25A00F48FF1 /* Build configuration list for PBXNativeTarget "TheArtOfProtest" */;
			buildPhases = (
				54FE2520D1589DD199D5EF73 /* Check Pods Manifest.lock */,
				A956FA551B47B25A00F48FF1 /* Sources */,
				A956FA561B47B25A00F48FF1 /* Frameworks */,
				A956FA571B47B25A00F48FF1 /* Resources */,
				865B99898CCE83DDBC3A1E0D /* Copy Pods Resources */,
			);
			buildRules = (
			);
			dependencies = (
			);
			name = TheArtOfProtest;
			productName = TheArtOfProtest;
			productReference = A956FA591B47B25A00F48FF1 /* TheArtOfProtest.app */;
			productType = "com.apple.product-type.application";
		};
/* End PBXNativeTarget section */

/* Begin PBXProject section */
		A956FA511B47B25900F48FF1 /* Project object */ = {
			isa = PBXProject;
			attributes = {
				LastUpgradeCheck = 0630;
				ORGANIZATIONNAME = JinboNet;
				TargetAttributes = {
					A956FA581B47B25A00F48FF1 = {
						CreatedOnToolsVersion = 6.3.2;
					};
				};
			};
			buildConfigurationList = A956FA541B47B25900F48FF1 /* Build configuration list for PBXProject "TheArtOfProtest" */;
			compatibilityVersion = "Xcode 3.2";
			developmentRegion = English;
			hasScannedForEncodings = 0;
			knownRegions = (
				en,
				Base,
			);
			mainGroup = A956FA501B47B25900F48FF1;
			productRefGroup = A956FA5A1B47B25A00F48FF1 /* Products */;
			projectDirPath = "";
			projectRoot = "";
			targets = (
				A956FA581B47B25A00F48FF1 /* TheArtOfProtest */,
			);
		};
/* End PBXProject section */

/* Begin PBXResourcesBuildPhase section */
		A956FA571B47B25A00F48FF1 /* Resources */ = {
			isa = PBXResourcesBuildPhase;
			buildActionMask = 2147483647;
			files = (
				A9BC98C71B89BDC200202076 /* 4.png in Resources */,
				A9BC98C91B89BDC200202076 /* home.html in Resources */,
				A9C9ECC91B6147250034C8F9 /* ManualViewController.xib in Resources */,
				A9BC98C81B89BDC200202076 /* home-style.css in Resources */,
				A9EA73C01B64F68F00ECE913 /* style.css in Resources */,
				A9C2FB071B4ABE18008EDC2B /* HomeViewController.xib in Resources */,
				A9BC98C61B89BDC200202076 /* 3.png in Resources */,
				A9BA08251B8069860041DF3E /* RefWebViewController.xib in Resources */,
				A976BC571B6CFC5F0085695D /* SearchResultCell.xib in Resources */,
				A976BC5D1B6CFE650085695D /* SearchViewController.xib in Resources */,
				A9A9BF8A1B63B7E200BD0D9E /* SplashViewController.xib in Resources */,
				A99525AD1B6E1A1E00779546 /* BookMarkViewController.xib in Resources */,
				A914B8021B80C6B40011C733 /* NoticeViewController.xib in Resources */,
				A9BC98C41B89BDC200202076 /* 1.png in Resources */,
				A9BC98C51B89BDC200202076 /* 2.png in Resources */,
				A956FA6D1B47B25A00F48FF1 /* Images.xcassets in Resources */,
				A9C2FB091B4AC09A008EDC2B /* MainTabBarController.xib in Resources */,
				A9BA082A1B80871F0041DF3E /* ManualCell.xib in Resources */,
				A99525AF1B6E1E3500779546 /* BookMarkCell.xib in Resources */,
				A9A2DCF61B6D091300CA2FAE /* DocumentViewController.xib in Resources */,
			);
			runOnlyForDeploymentPostprocessing = 0;
		};
/* End PBXResourcesBuildPhase section */

/* Begin PBXShellScriptBuildPhase section */
		54FE2520D1589DD199D5EF73 /* Check Pods Manifest.lock */ = {
			isa = PBXShellScriptBuildPhase;
			buildActionMask = 2147483647;
			files = (
			);
			inputPaths = (
			);
			name = "Check Pods Manifest.lock";
			outputPaths = (
			);
			runOnlyForDeploymentPostprocessing = 0;
			shellPath = /bin/sh;
			shellScript = "diff \"${PODS_ROOT}/../Podfile.lock\" \"${PODS_ROOT}/Manifest.lock\" > /dev/null\nif [[ $? != 0 ]] ; then\n    cat << EOM\nerror: The sandbox is not in sync with the Podfile.lock. Run 'pod install' or update your CocoaPods installation.\nEOM\n    exit 1\nfi\n";
			showEnvVarsInLog = 0;
		};
		865B99898CCE83DDBC3A1E0D /* Copy Pods Resources */ = {
			isa = PBXShellScriptBuildPhase;
			buildActionMask = 2147483647;
			files = (
			);
			inputPaths = (
			);
			name = "Copy Pods Resources";
			outputPaths = (
			);
			runOnlyForDeploymentPostprocessing = 0;
			shellPath = /bin/sh;
			shellScript = "\"${SRCROOT}/Pods/Target Support Files/Pods-TheArtOfProtest/Pods-TheArtOfProtest-resources.sh\"\n";
			showEnvVarsInLog = 0;
		};
/* End PBXShellScriptBuildPhase section */

/* Begin PBXSourcesBuildPhase section */
		A956FA551B47B25A00F48FF1 /* Sources */ = {
			isa = PBXSourcesBuildPhase;
			buildActionMask = 2147483647;
			files = (
				A956FA621B47B25A00F48FF1 /* AppDelegate.m in Sources */,
				A9E48AA51B51598C00122920 /* MenuItem.m in Sources */,
				A9C2FAFC1B4ABDC5008EDC2B /* MainTabBarController.m in Sources */,
				A9C9ECCC1B614F870034C8F9 /* AOPContentsManager.m in Sources */,
				A9C9ECC81B6147250034C8F9 /* ManualViewController.m in Sources */,
				A97BE2D81B51904800E4C389 /* CoreDataManager.m in Sources */,
				A9C9ECC11B613AE90034C8F9 /* PostItem.m in Sources */,
				A976BC5C1B6CFE650085695D /* SearchViewController.m in Sources */,
				A9A2DCF51B6D091300CA2FAE /* DocumentViewController.m in Sources */,
				A9BA08291B80871F0041DF3E /* ManualCell.m in Sources */,
				A956FA5F1B47B25A00F48FF1 /* main.m in Sources */,
				A97BE2D51B517CA300E4C389 /* ServerCommunicator.m in Sources */,
				A9C9ECC41B613D5B0034C8F9 /* PostParser.m in Sources */,
				A9C2FB061B4ABE18008EDC2B /* HomeViewController.m in Sources */,
				A9EA73C31B64FBB300ECE913 /* PostCacheWorker.m in Sources */,
				A99574771B773E3100F6A932 /* NoticeItem.m in Sources */,
				A99525AC1B6E1A1E00779546 /* BookMarkViewController.m in Sources */,
				A9BA08241B8069860041DF3E /* RefWebViewController.m in Sources */,
				A9EA73BE1B64E99D00ECE913 /* TheArtOfProtest.xcdatamodeld in Sources */,
				A9C9ECBB1B5FF29A0034C8F9 /* CategoryMenuParser.m in Sources */,
				A9A9BF891B63B7E200BD0D9E /* SplashViewController.m in Sources */,
				A976BC551B6CC1850085695D /* VersionParser.m in Sources */,
				A914B8011B80C6B40011C733 /* NoticeViewController.m in Sources */,
				A928E4FD1B52A8FF006BBAD1 /* FileManager.m in Sources */,
				A9A9BF8D1B63B9BE00BD0D9E /* DeviceConfig.m in Sources */,
				A99574741B773D7400F6A932 /* NoticeParser.m in Sources */,
				A95D94301B6BDFB20082A572 /* SearchResultCell.m in Sources */,
				A9C9ECBE1B5FF6AA0034C8F9 /* CategoryMenuItem.m in Sources */,
				A99525B21B6E1E5100779546 /* BookMarkCell.m in Sources */,
				A914B7FC1B80B39C0011C733 /* AOPUtils.m in Sources */,
			);
			runOnlyForDeploymentPostprocessing = 0;
		};
/* End PBXSourcesBuildPhase section */

/* Begin XCBuildConfiguration section */
		A956FA7D1B47B25A00F48FF1 /* Debug */ = {
			isa = XCBuildConfiguration;
			buildSettings = {
				ALWAYS_SEARCH_USER_PATHS = NO;
				CLANG_CXX_LANGUAGE_STANDARD = "gnu++0x";
				CLANG_CXX_LIBRARY = "libc++";
				CLANG_ENABLE_MODULES = YES;
				CLANG_ENABLE_OBJC_ARC = YES;
				CLANG_WARN_BOOL_CONVERSION = YES;
				CLANG_WARN_CONSTANT_CONVERSION = YES;
				CLANG_WARN_DIRECT_OBJC_ISA_USAGE = YES_ERROR;
				CLANG_WARN_EMPTY_BODY = YES;
				CLANG_WARN_ENUM_CONVERSION = YES;
				CLANG_WARN_INT_CONVERSION = YES;
				CLANG_WARN_OBJC_ROOT_CLASS = YES_ERROR;
				CLANG_WARN_UNREACHABLE_CODE = YES;
				CLANG_WARN__DUPLICATE_METHOD_MATCH = YES;
				"CODE_SIGN_IDENTITY[sdk=iphoneos*]" = "iPhone Developer";
				COPY_PHASE_STRIP = NO;
				DEBUG_INFORMATION_FORMAT = "dwarf-with-dsym";
				ENABLE_STRICT_OBJC_MSGSEND = YES;
				GCC_C_LANGUAGE_STANDARD = gnu99;
				GCC_DYNAMIC_NO_PIC = NO;
				GCC_NO_COMMON_BLOCKS = YES;
				GCC_OPTIMIZATION_LEVEL = 0;
				GCC_PREPROCESSOR_DEFINITIONS = (
					"DEBUG=1",
					"$(inherited)",
				);
				GCC_SYMBOLS_PRIVATE_EXTERN = NO;
				GCC_WARN_64_TO_32_BIT_CONVERSION = YES;
				GCC_WARN_ABOUT_RETURN_TYPE = YES_ERROR;
				GCC_WARN_UNDECLARED_SELECTOR = YES;
				GCC_WARN_UNINITIALIZED_AUTOS = YES_AGGRESSIVE;
				GCC_WARN_UNUSED_FUNCTION = YES;
				GCC_WARN_UNUSED_VARIABLE = YES;
				IPHONEOS_DEPLOYMENT_TARGET = 8.3;
				MTL_ENABLE_DEBUG_INFO = YES;
				ONLY_ACTIVE_ARCH = YES;
				SDKROOT = iphoneos;
			};
			name = Debug;
		};
		A956FA7E1B47B25A00F48FF1 /* Release */ = {
			isa = XCBuildConfiguration;
			buildSettings = {
				ALWAYS_SEARCH_USER_PATHS = NO;
				CLANG_CXX_LANGUAGE_STANDARD = "gnu++0x";
				CLANG_CXX_LIBRARY = "libc++";
				CLANG_ENABLE_MODULES = YES;
				CLANG_ENABLE_OBJC_ARC = YES;
				CLANG_WARN_BOOL_CONVERSION = YES;
				CLANG_WARN_CONSTANT_CONVERSION = YES;
				CLANG_WARN_DIRECT_OBJC_ISA_USAGE = YES_ERROR;
				CLANG_WARN_EMPTY_BODY = YES;
				CLANG_WARN_ENUM_CONVERSION = YES;
				CLANG_WARN_INT_CONVERSION = YES;
				CLANG_WARN_OBJC_ROOT_CLASS = YES_ERROR;
				CLANG_WARN_UNREACHABLE_CODE = YES;
				CLANG_WARN__DUPLICATE_METHOD_MATCH = YES;
				"CODE_SIGN_IDENTITY[sdk=iphoneos*]" = "iPhone Developer";
				COPY_PHASE_STRIP = NO;
				DEBUG_INFORMATION_FORMAT = "dwarf-with-dsym";
				ENABLE_NS_ASSERTIONS = NO;
				ENABLE_STRICT_OBJC_MSGSEND = YES;
				GCC_C_LANGUAGE_STANDARD = gnu99;
				GCC_NO_COMMON_BLOCKS = YES;
				GCC_WARN_64_TO_32_BIT_CONVERSION = YES;
				GCC_WARN_ABOUT_RETURN_TYPE = YES_ERROR;
				GCC_WARN_UNDECLARED_SELECTOR = YES;
				GCC_WARN_UNINITIALIZED_AUTOS = YES_AGGRESSIVE;
				GCC_WARN_UNUSED_FUNCTION = YES;
				GCC_WARN_UNUSED_VARIABLE = YES;
				IPHONEOS_DEPLOYMENT_TARGET = 8.3;
				MTL_ENABLE_DEBUG_INFO = NO;
				SDKROOT = iphoneos;
				VALIDATE_PRODUCT = YES;
			};
			name = Release;
		};
		A956FA801B47B25A00F48FF1 /* Debug */ = {
			isa = XCBuildConfiguration;
			baseConfigurationReference = 6EF1624C7E9633F109EE59F1 /* Pods-TheArtOfProtest.debug.xcconfig */;
			buildSettings = {
				ASSETCATALOG_COMPILER_APPICON_NAME = AppIcon;
				ASSETCATALOG_COMPILER_LAUNCHIMAGE_NAME = LaunchImage;
				INFOPLIST_FILE = TheArtOfProtest/Info.plist;
				IPHONEOS_DEPLOYMENT_TARGET = 7.0;
				LD_RUNPATH_SEARCH_PATHS = "$(inherited) @executable_path/Frameworks";
				PRODUCT_NAME = "$(TARGET_NAME)";
			};
			name = Debug;
		};
		A956FA811B47B25A00F48FF1 /* Release */ = {
			isa = XCBuildConfiguration;
			baseConfigurationReference = 54E22E5AAFDE391C40C2CCC1 /* Pods-TheArtOfProtest.release.xcconfig */;
			buildSettings = {
				ASSETCATALOG_COMPILER_APPICON_NAME = AppIcon;
				ASSETCATALOG_COMPILER_LAUNCHIMAGE_NAME = LaunchImage;
				INFOPLIST_FILE = TheArtOfProtest/Info.plist;
				IPHONEOS_DEPLOYMENT_TARGET = 7.0;
				LD_RUNPATH_SEARCH_PATHS = "$(inherited) @executable_path/Frameworks";
				PRODUCT_NAME = "$(TARGET_NAME)";
			};
			name = Release;
		};
/* End XCBuildConfiguration section */

/* Begin XCConfigurationList section */
		A956FA541B47B25900F48FF1 /* Build configuration list for PBXProject "TheArtOfProtest" */ = {
			isa = XCConfigurationList;
			buildConfigurations = (
				A956FA7D1B47B25A00F48FF1 /* Debug */,
				A956FA7E1B47B25A00F48FF1 /* Release */,
			);
			defaultConfigurationIsVisible = 0;
			defaultConfigurationName = Release;
		};
		A956FA7F1B47B25A00F48FF1 /* Build configuration list for PBXNativeTarget "TheArtOfProtest" */ = {
			isa = XCConfigurationList;
			buildConfigurations = (
				A956FA801B47B25A00F48FF1 /* Debug */,
				A956FA811B47B25A00F48FF1 /* Release */,
			);
			defaultConfigurationIsVisible = 0;
			defaultConfigurationName = Release;
		};
/* End XCConfigurationList section */

/* Begin XCVersionGroup section */
		A9EA73BC1B64E99D00ECE913 /* TheArtOfProtest.xcdatamodeld */ = {
			isa = XCVersionGroup;
			children = (
				A9EA73BD1B64E99D00ECE913 /* TheArtOfProtest.xcdatamodel */,
			);
			currentVersion = A9EA73BD1B64E99D00ECE913 /* TheArtOfProtest.xcdatamodel */;
			path = TheArtOfProtest.xcdatamodeld;
			sourceTree = "<group>";
			versionGroupType = wrapper.xcdatamodel;
		};
/* End XCVersionGroup section */
	};
	rootObject = A956FA511B47B25900F48FF1 /* Project object */;
}
