// !$*UTF8*$!
{
	archiveVersion = 1;
	classes = {
	};
	objectVersion = 46;
	objects = {

/* Begin PBXBuildFile section */
		A956FA5F1B47B25A00F48FF1 /* main.m in Sources */ = {isa = PBXBuildFile; fileRef = A956FA5E1B47B25A00F48FF1 /* main.m */; };
		A956FA621B47B25A00F48FF1 /* AppDelegate.m in Sources */ = {isa = PBXBuildFile; fileRef = A956FA611B47B25A00F48FF1 /* AppDelegate.m */; };
		A956FA651B47B25A00F48FF1 /* TheArtOfProtest.xcdatamodeld in Sources */ = {isa = PBXBuildFile; fileRef = A956FA631B47B25A00F48FF1 /* TheArtOfProtest.xcdatamodeld */; };
		A956FA6D1B47B25A00F48FF1 /* Images.xcassets in Resources */ = {isa = PBXBuildFile; fileRef = A956FA6C1B47B25A00F48FF1 /* Images.xcassets */; };
		A956FA8D1B47B4AF00F48FF1 /* ViewController.m in Sources */ = {isa = PBXBuildFile; fileRef = A956FA8B1B47B4AF00F48FF1 /* ViewController.m */; };
		A956FA8E1B47B4AF00F48FF1 /* ViewController.xib in Resources */ = {isa = PBXBuildFile; fileRef = A956FA8C1B47B4AF00F48FF1 /* ViewController.xib */; };
/* End PBXBuildFile section */

/* Begin PBXFileReference section */
		A956FA591B47B25A00F48FF1 /* TheArtOfProtest.app */ = {isa = PBXFileReference; explicitFileType = wrapper.application; includeInIndex = 0; path = TheArtOfProtest.app; sourceTree = BUILT_PRODUCTS_DIR; };
		A956FA5D1B47B25A00F48FF1 /* Info.plist */ = {isa = PBXFileReference; lastKnownFileType = text.plist.xml; path = Info.plist; sourceTree = "<group>"; };
		A956FA5E1B47B25A00F48FF1 /* main.m */ = {isa = PBXFileReference; lastKnownFileType = sourcecode.c.objc; path = main.m; sourceTree = "<group>"; };
		A956FA601B47B25A00F48FF1 /* AppDelegate.h */ = {isa = PBXFileReference; lastKnownFileType = sourcecode.c.h; path = AppDelegate.h; sourceTree = "<group>"; };
		A956FA611B47B25A00F48FF1 /* AppDelegate.m */ = {isa = PBXFileReference; lastKnownFileType = sourcecode.c.objc; path = AppDelegate.m; sourceTree = "<group>"; };
		A956FA641B47B25A00F48FF1 /* TheArtOfProtest.xcdatamodel */ = {isa = PBXFileReference; lastKnownFileType = wrapper.xcdatamodel; path = TheArtOfProtest.xcdatamodel; sourceTree = "<group>"; };
		A956FA6C1B47B25A00F48FF1 /* Images.xcassets */ = {isa = PBXFileReference; lastKnownFileType = folder.assetcatalog; path = Images.xcassets; sourceTree = "<group>"; };
		A956FA8A1B47B4AF00F48FF1 /* ViewController.h */ = {isa = PBXFileReference; fileEncoding = 4; lastKnownFileType = sourcecode.c.h; path = ViewController.h; sourceTree = "<group>"; };
		A956FA8B1B47B4AF00F48FF1 /* ViewController.m */ = {isa = PBXFileReference; fileEncoding = 4; lastKnownFileType = sourcecode.c.objc; path = ViewController.m; sourceTree = "<group>"; };
		A956FA8C1B47B4AF00F48FF1 /* ViewController.xib */ = {isa = PBXFileReference; fileEncoding = 4; lastKnownFileType = file.xib; path = ViewController.xib; sourceTree = "<group>"; };
/* End PBXFileReference section */

/* Begin PBXFrameworksBuildPhase section */
		A956FA561B47B25A00F48FF1 /* Frameworks */ = {
			isa = PBXFrameworksBuildPhase;
			buildActionMask = 2147483647;
			files = (
			);
			runOnlyForDeploymentPostprocessing = 0;
		};
/* End PBXFrameworksBuildPhase section */

/* Begin PBXGroup section */
		A956FA501B47B25900F48FF1 = {
			isa = PBXGroup;
			children = (
				A956FA5B1B47B25A00F48FF1 /* TheArtOfProtest */,
				A956FA5A1B47B25A00F48FF1 /* Products */,
			);
			sourceTree = "<group>";
		};
		A956FA5A1B47B25A00F48FF1 /* Products */ = {
			isa = PBXGroup;
			children = (
				A956FA591B47B25A00F48FF1 /* TheArtOfProtest.app */,
			);
			name = Products;
			sourceTree = "<group>";
		};
		A956FA5B1B47B25A00F48FF1 /* TheArtOfProtest */ = {
			isa = PBXGroup;
			children = (
				A956FA601B47B25A00F48FF1 /* AppDelegate.h */,
				A956FA611B47B25A00F48FF1 /* AppDelegate.m */,
				A956FA6C1B47B25A00F48FF1 /* Images.xcassets */,
				A956FA631B47B25A00F48FF1 /* TheArtOfProtest.xcdatamodeld */,
				A956FA5C1B47B25A00F48FF1 /* Supporting Files */,
				A956FA8A1B47B4AF00F48FF1 /* ViewController.h */,
				A956FA8B1B47B4AF00F48FF1 /* ViewController.m */,
				A956FA8C1B47B4AF00F48FF1 /* ViewController.xib */,
			);
			path = TheArtOfProtest;
			sourceTree = "<group>";
		};
		A956FA5C1B47B25A00F48FF1 /* Supporting Files */ = {
			isa = PBXGroup;
			children = (
				A956FA5D1B47B25A00F48FF1 /* Info.plist */,
				A956FA5E1B47B25A00F48FF1 /* main.m */,
			);
			name = "Supporting Files";
			sourceTree = "<group>";
		};
/* End PBXGroup section */

/* Begin PBXNativeTarget section */
		A956FA581B47B25A00F48FF1 /* TheArtOfProtest */ = {
			isa = PBXNativeTarget;
			buildConfigurationList = A956FA7F1B47B25A00F48FF1 /* Build configuration list for PBXNativeTarget "TheArtOfProtest" */;
			buildPhases = (
				A956FA551B47B25A00F48FF1 /* Sources */,
				A956FA561B47B25A00F48FF1 /* Frameworks */,
				A956FA571B47B25A00F48FF1 /* Resources */,
			);
			buildRules = (
			);
			dependencies = (
			);
			name = TheArtOfProtest;
			productName = TheArtOfProtest;
			productReference = A956FA591B47B25A00F48FF1 /* TheArtOfProtest.app */;
			productType = "com.apple.product-type.application";
		};
/* End PBXNativeTarget section */

/* Begin PBXProject section */
		A956FA511B47B25900F48FF1 /* Project object */ = {
			isa = PBXProject;
			attributes = {
				LastUpgradeCheck = 0630;
				ORGANIZATIONNAME = JinboNet;
				TargetAttributes = {
					A956FA581B47B25A00F48FF1 = {
						CreatedOnToolsVersion = 6.3.2;
					};
				};
			};
			buildConfigurationList = A956FA541B47B25900F48FF1 /* Build configuration list for PBXProject "TheArtOfProtest" */;
			compatibilityVersion = "Xcode 3.2";
			developmentRegion = English;
			hasScannedForEncodings = 0;
			knownRegions = (
				en,
				Base,
			);
			mainGroup = A956FA501B47B25900F48FF1;
			productRefGroup = A956FA5A1B47B25A00F48FF1 /* Products */;
			projectDirPath = "";
			projectRoot = "";
			targets = (
				A956FA581B47B25A00F48FF1 /* TheArtOfProtest */,
			);
		};
/* End PBXProject section */

/* Begin PBXResourcesBuildPhase section */
		A956FA571B47B25A00F48FF1 /* Resources */ = {
			isa = PBXResourcesBuildPhase;
			buildActionMask = 2147483647;
			files = (
				A956FA8E1B47B4AF00F48FF1 /* ViewController.xib in Resources */,
				A956FA6D1B47B25A00F48FF1 /* Images.xcassets in Resources */,
			);
			runOnlyForDeploymentPostprocessing = 0;
		};
/* End PBXResourcesBuildPhase section */

/* Begin PBXSourcesBuildPhase section */
		A956FA551B47B25A00F48FF1 /* Sources */ = {
			isa = PBXSourcesBuildPhase;
			buildActionMask = 2147483647;
			files = (
				A956FA621B47B25A00F48FF1 /* AppDelegate.m in Sources */,
				A956FA5F1B47B25A00F48FF1 /* main.m in Sources */,
				A956FA8D1B47B4AF00F48FF1 /* ViewController.m in Sources */,
				A956FA651B47B25A00F48FF1 /* TheArtOfProtest.xcdatamodeld in Sources */,
			);
			runOnlyForDeploymentPostprocessing = 0;
		};
/* End PBXSourcesBuildPhase section */

/* Begin XCBuildConfiguration section */
		A956FA7D1B47B25A00F48FF1 /* Debug */ = {
			isa = XCBuildConfiguration;
			buildSettings = {
				ALWAYS_SEARCH_USER_PATHS = NO;
				CLANG_CXX_LANGUAGE_STANDARD = "gnu++0x";
				CLANG_CXX_LIBRARY = "libc++";
				CLANG_ENABLE_MODULES = YES;
				CLANG_ENABLE_OBJC_ARC = YES;
				CLANG_WARN_BOOL_CONVERSION = YES;
				CLANG_WARN_CONSTANT_CONVERSION = YES;
				CLANG_WARN_DIRECT_OBJC_ISA_USAGE = YES_ERROR;
				CLANG_WARN_EMPTY_BODY = YES;
				CLANG_WARN_ENUM_CONVERSION = YES;
				CLANG_WARN_INT_CONVERSION = YES;
				CLANG_WARN_OBJC_ROOT_CLASS = YES_ERROR;
				CLANG_WARN_UNREACHABLE_CODE = YES;
				CLANG_WARN__DUPLICATE_METHOD_MATCH = YES;
				"CODE_SIGN_IDENTITY[sdk=iphoneos*]" = "iPhone Developer";
				COPY_PHASE_STRIP = NO;
				DEBUG_INFORMATION_FORMAT = "dwarf-with-dsym";
				ENABLE_STRICT_OBJC_MSGSEND = YES;
				GCC_C_LANGUAGE_STANDARD = gnu99;
				GCC_DYNAMIC_NO_PIC = NO;
				GCC_NO_COMMON_BLOCKS = YES;
				GCC_OPTIMIZATION_LEVEL = 0;
				GCC_PREPROCESSOR_DEFINITIONS = (
					"DEBUG=1",
					"$(inherited)",
				);
				GCC_SYMBOLS_PRIVATE_EXTERN = NO;
				GCC_WARN_64_TO_32_BIT_CONVERSION = YES;
				GCC_WARN_ABOUT_RETURN_TYPE = YES_ERROR;
				GCC_WARN_UNDECLARED_SELECTOR = YES;
				GCC_WARN_UNINITIALIZED_AUTOS = YES_AGGRESSIVE;
				GCC_WARN_UNUSED_FUNCTION = YES;
				GCC_WARN_UNUSED_VARIABLE = YES;
				IPHONEOS_DEPLOYMENT_TARGET = 8.3;
				MTL_ENABLE_DEBUG_INFO = YES;
				ONLY_ACTIVE_ARCH = YES;
				SDKROOT = iphoneos;
			};
			name = Debug;
		};
		A956FA7E1B47B25A00F48FF1 /* Release */ = {
			isa = XCBuildConfiguration;
			buildSettings = {
				ALWAYS_SEARCH_USER_PATHS = NO;
				CLANG_CXX_LANGUAGE_STANDARD = "gnu++0x";
				CLANG_CXX_LIBRARY = "libc++";
				CLANG_ENABLE_MODULES = YES;
				CLANG_ENABLE_OBJC_ARC = YES;
				CLANG_WARN_BOOL_CONVERSION = YES;
				CLANG_WARN_CONSTANT_CONVERSION = YES;
				CLANG_WARN_DIRECT_OBJC_ISA_USAGE = YES_ERROR;
				CLANG_WARN_EMPTY_BODY = YES;
				CLANG_WARN_ENUM_CONVERSION = YES;
				CLANG_WARN_INT_CONVERSION = YES;
				CLANG_WARN_OBJC_ROOT_CLASS = YES_ERROR;
				CLANG_WARN_UNREACHABLE_CODE = YES;
				CLANG_WARN__DUPLICATE_METHOD_MATCH = YES;
				"CODE_SIGN_IDENTITY[sdk=iphoneos*]" = "iPhone Developer";
				COPY_PHASE_STRIP = NO;
				DEBUG_INFORMATION_FORMAT = "dwarf-with-dsym";
				ENABLE_NS_ASSERTIONS = NO;
				ENABLE_STRICT_OBJC_MSGSEND = YES;
				GCC_C_LANGUAGE_STANDARD = gnu99;
				GCC_NO_COMMON_BLOCKS = YES;
				GCC_WARN_64_TO_32_BIT_CONVERSION = YES;
				GCC_WARN_ABOUT_RETURN_TYPE = YES_ERROR;
				GCC_WARN_UNDECLARED_SELECTOR = YES;
				GCC_WARN_UNINITIALIZED_AUTOS = YES_AGGRESSIVE;
				GCC_WARN_UNUSED_FUNCTION = YES;
				GCC_WARN_UNUSED_VARIABLE = YES;
				IPHONEOS_DEPLOYMENT_TARGET = 8.3;
				MTL_ENABLE_DEBUG_INFO = NO;
				SDKROOT = iphoneos;
				VALIDATE_PRODUCT = YES;
			};
			name = Release;
		};
		A956FA801B47B25A00F48FF1 /* Debug */ = {
			isa = XCBuildConfiguration;
			buildSettings = {
				ASSETCATALOG_COMPILER_APPICON_NAME = AppIcon;
				INFOPLIST_FILE = TheArtOfProtest/Info.plist;
				IPHONEOS_DEPLOYMENT_TARGET = 7.0;
				LD_RUNPATH_SEARCH_PATHS = "$(inherited) @executable_path/Frameworks";
				PRODUCT_NAME = "$(TARGET_NAME)";
			};
			name = Debug;
		};
		A956FA811B47B25A00F48FF1 /* Release */ = {
			isa = XCBuildConfiguration;
			buildSettings = {
				ASSETCATALOG_COMPILER_APPICON_NAME = AppIcon;
				INFOPLIST_FILE = TheArtOfProtest/Info.plist;
				IPHONEOS_DEPLOYMENT_TARGET = 7.0;
				LD_RUNPATH_SEARCH_PATHS = "$(inherited) @executable_path/Frameworks";
				PRODUCT_NAME = "$(TARGET_NAME)";
			};
			name = Release;
		};
/* End XCBuildConfiguration section */

/* Begin XCConfigurationList section */
		A956FA541B47B25900F48FF1 /* Build configuration list for PBXProject "TheArtOfProtest" */ = {
			isa = XCConfigurationList;
			buildConfigurations = (
				A956FA7D1B47B25A00F48FF1 /* Debug */,
				A956FA7E1B47B25A00F48FF1 /* Release */,
			);
			defaultConfigurationIsVisible = 0;
			defaultConfigurationName = Release;
		};
		A956FA7F1B47B25A00F48FF1 /* Build configuration list for PBXNativeTarget "TheArtOfProtest" */ = {
			isa = XCConfigurationList;
			buildConfigurations = (
				A956FA801B47B25A00F48FF1 /* Debug */,
				A956FA811B47B25A00F48FF1 /* Release */,
			);
			defaultConfigurationIsVisible = 0;
		};
/* End XCConfigurationList section */

/* Begin XCVersionGroup section */
		A956FA631B47B25A00F48FF1 /* TheArtOfProtest.xcdatamodeld */ = {
			isa = XCVersionGroup;
			children = (
				A956FA641B47B25A00F48FF1 /* TheArtOfProtest.xcdatamodel */,
			);
			currentVersion = A956FA641B47B25A00F48FF1 /* TheArtOfProtest.xcdatamodel */;
			path = TheArtOfProtest.xcdatamodeld;
			sourceTree = "<group>";
			versionGroupType = wrapper.xcdatamodel;
		};
/* End XCVersionGroup section */
	};
	rootObject = A956FA511B47B25900F48FF1 /* Project object */;
}
